
Microsoft Visual Studio Solution File, Format Version 12.00
# Visual Studio Version 16
VisualStudioVersion = 16.0.31005.135
MinimumVisualStudioVersion = 10.0.40219.1
Project("{FAE04EC0-301F-11D3-BF4B-00C04F79EFBC}") = "Roulette", "Roulette\Roulette.csproj", "{C081AA03-ACF2-4948-BFF5-6394CECCF33C}"
EndProject
Global
	GlobalSection(SolutionConfigurationPlatforms) = preSolution
		Debug|Any CPU = Debug|Any CPU
		Release|Any CPU = Release|Any CPU
	EndGlobalSection
	GlobalSection(ProjectConfigurationPlatforms) = postSolution
		{C081AA03-ACF2-4948-BFF5-6394CECCF33C}.Debug|Any CPU.ActiveCfg = Debug|Any CPU
		{C081AA03-ACF2-4948-BFF5-6394CECCF33C}.Debug|Any CPU.Build.0 = Debug|Any CPU
		{C081AA03-ACF2-4948-BFF5-6394CECCF33C}.Release|Any CPU.ActiveCfg = Release|Any CPU
		{C081AA03-ACF2-4948-BFF5-6394CECCF33C}.Release|Any CPU.Build.0 = Release|Any CPU
	EndGlobalSection
	GlobalSection(SolutionProperties) = preSolution
		HideSolutionNode = FALSE
	EndGlobalSection
	GlobalSection(ExtensibilityGlobals) = postSolution
		SolutionGuid = {B462FF05-6DB1-445F-AD8C-B5057DDD9621}
	EndGlobalSection
EndGlobal
